
Microsoft Visual Studio Solution File, Format Version 12.00
# Visual Studio 15
Project("{FAE04EC0-301F-11D3-BF4B-00C04F79EFBC}") = "Assembly-CSharp", "Assembly-CSharp.csproj", "{D43D5250-4CB3-0809-11E0-DAA6AA335D04}"
EndProject
Global
	GlobalSection(SolutionConfigurationPlatforms) = preSolution
		Debug|Any CPU = Debug|Any CPU
		Release|Any CPU = Release|Any CPU
	EndGlobalSection
	GlobalSection(ProjectConfigurationPlatforms) = postSolution
		{D43D5250-4CB3-0809-11E0-DAA6AA335D04}.Debug|Any CPU.ActiveCfg = Debug|Any CPU
		{D43D5250-4CB3-0809-11E0-DAA6AA335D04}.Debug|Any CPU.Build.0 = Debug|Any CPU
		{D43D5250-4CB3-0809-11E0-DAA6AA335D04}.Release|Any CPU.ActiveCfg = Release|Any CPU
		{D43D5250-4CB3-0809-11E0-DAA6AA335D04}.Release|Any CPU.Build.0 = Release|Any CPU
	EndGlobalSection
	GlobalSection(SolutionProperties) = preSolution
		HideSolutionNode = FALSE
	EndGlobalSection
EndGlobal
